
Microsoft Visual Studio Solution File, Format Version 12.00
# Visual Studio 2012
Project("{FAE04EC0-301F-11D3-BF4B-00C04F79EFBC}") = "FormsAnimations", "FormsAnimations\FormsAnimations.csproj", "{BAD151F2-40F4-4A2D-AFFD-8A584038F6C2}"
EndProject
Project("{FAE04EC0-301F-11D3-BF4B-00C04F79EFBC}") = "FormsAnimations.iOS", "iOS\FormsAnimations.iOS.csproj", "{EE317AD6-74E9-4E6F-A8B2-A44B4E381141}"
EndProject
Project("{FAE04EC0-301F-11D3-BF4B-00C04F79EFBC}") = "FormsAnimations.Droid", "Droid\FormsAnimations.Droid.csproj", "{30B5749E-D1E3-445F-B38C-01465D7437CA}"
EndProject
Global
	GlobalSection(SolutionConfigurationPlatforms) = preSolution
		Debug|Any CPU = Debug|Any CPU
		Release|Any CPU = Release|Any CPU
		Debug|iPhoneSimulator = Debug|iPhoneSimulator
		Release|iPhone = Release|iPhone
		Release|iPhoneSimulator = Release|iPhoneSimulator
		Debug|iPhone = Debug|iPhone
	EndGlobalSection
	GlobalSection(ProjectConfigurationPlatforms) = postSolution
		{BAD151F2-40F4-4A2D-AFFD-8A584038F6C2}.Debug|Any CPU.ActiveCfg = Debug|Any CPU
		{BAD151F2-40F4-4A2D-AFFD-8A584038F6C2}.Debug|Any CPU.Build.0 = Debug|Any CPU
		{BAD151F2-40F4-4A2D-AFFD-8A584038F6C2}.Release|Any CPU.ActiveCfg = Release|Any CPU
		{BAD151F2-40F4-4A2D-AFFD-8A584038F6C2}.Release|Any CPU.Build.0 = Release|Any CPU
		{BAD151F2-40F4-4A2D-AFFD-8A584038F6C2}.Debug|iPhoneSimulator.ActiveCfg = Debug|Any CPU
		{BAD151F2-40F4-4A2D-AFFD-8A584038F6C2}.Debug|iPhoneSimulator.Build.0 = Debug|Any CPU
		{BAD151F2-40F4-4A2D-AFFD-8A584038F6C2}.Release|iPhone.ActiveCfg = Release|Any CPU
		{BAD151F2-40F4-4A2D-AFFD-8A584038F6C2}.Release|iPhone.Build.0 = Release|Any CPU
		{BAD151F2-40F4-4A2D-AFFD-8A584038F6C2}.Release|iPhoneSimulator.ActiveCfg = Release|Any CPU
		{BAD151F2-40F4-4A2D-AFFD-8A584038F6C2}.Release|iPhoneSimulator.Build.0 = Release|Any CPU
		{BAD151F2-40F4-4A2D-AFFD-8A584038F6C2}.Debug|iPhone.ActiveCfg = Debug|Any CPU
		{BAD151F2-40F4-4A2D-AFFD-8A584038F6C2}.Debug|iPhone.Build.0 = Debug|Any CPU
		{EE317AD6-74E9-4E6F-A8B2-A44B4E381141}.Debug|Any CPU.ActiveCfg = Debug|iPhoneSimulator
		{EE317AD6-74E9-4E6F-A8B2-A44B4E381141}.Debug|Any CPU.Build.0 = Debug|iPhoneSimulator
		{EE317AD6-74E9-4E6F-A8B2-A44B4E381141}.Release|Any CPU.ActiveCfg = Debug|iPhoneSimulator
		{EE317AD6-74E9-4E6F-A8B2-A44B4E381141}.Release|Any CPU.Build.0 = Debug|iPhoneSimulator
		{EE317AD6-74E9-4E6F-A8B2-A44B4E381141}.Debug|iPhoneSimulator.ActiveCfg = Debug|iPhoneSimulator
		{EE317AD6-74E9-4E6F-A8B2-A44B4E381141}.Debug|iPhoneSimulator.Build.0 = Debug|iPhoneSimulator
		{EE317AD6-74E9-4E6F-A8B2-A44B4E381141}.Release|iPhone.ActiveCfg = Release|iPhone
		{EE317AD6-74E9-4E6F-A8B2-A44B4E381141}.Release|iPhone.Build.0 = Release|iPhone
		{EE317AD6-74E9-4E6F-A8B2-A44B4E381141}.Release|iPhoneSimulator.ActiveCfg = Release|iPhoneSimulator
		{EE317AD6-74E9-4E6F-A8B2-A44B4E381141}.Release|iPhoneSimulator.Build.0 = Release|iPhoneSimulator
		{EE317AD6-74E9-4E6F-A8B2-A44B4E381141}.Debug|iPhone.ActiveCfg = Debug|iPhone
		{EE317AD6-74E9-4E6F-A8B2-A44B4E381141}.Debug|iPhone.Build.0 = Debug|iPhone
		{30B5749E-D1E3-445F-B38C-01465D7437CA}.Debug|Any CPU.ActiveCfg = Debug|Any CPU
		{30B5749E-D1E3-445F-B38C-01465D7437CA}.Debug|Any CPU.Build.0 = Debug|Any CPU
		{30B5749E-D1E3-445F-B38C-01465D7437CA}.Release|Any CPU.ActiveCfg = Release|Any CPU
		{30B5749E-D1E3-445F-B38C-01465D7437CA}.Release|Any CPU.Build.0 = Release|Any CPU
		{30B5749E-D1E3-445F-B38C-01465D7437CA}.Debug|iPhoneSimulator.ActiveCfg = Debug|Any CPU
		{30B5749E-D1E3-445F-B38C-01465D7437CA}.Debug|iPhoneSimulator.Build.0 = Debug|Any CPU
		{30B5749E-D1E3-445F-B38C-01465D7437CA}.Release|iPhone.ActiveCfg = Release|Any CPU
		{30B5749E-D1E3-445F-B38C-01465D7437CA}.Release|iPhone.Build.0 = Release|Any CPU
		{30B5749E-D1E3-445F-B38C-01465D7437CA}.Release|iPhoneSimulator.ActiveCfg = Release|Any CPU
		{30B5749E-D1E3-445F-B38C-01465D7437CA}.Release|iPhoneSimulator.Build.0 = Release|Any CPU
		{30B5749E-D1E3-445F-B38C-01465D7437CA}.Debug|iPhone.ActiveCfg = Debug|Any CPU
		{30B5749E-D1E3-445F-B38C-01465D7437CA}.Debug|iPhone.Build.0 = Debug|Any CPU
	EndGlobalSection
EndGlobal
